{
  "name": "zalla-io-website",
  "version": "0.1.0",
  "lockfileVersion": 1,
  "requires": true,
  "dependencies": {
    "insert-css": {
      "version": "0.0.0",
      "resolved": "https://npm.apple.com/insert-css/-/insert-css-0.0.0.tgz",
      "integrity": "sha1-IwS/pviTq+y4/5yo2cdgXZTPKRE=",
      "dev": true
    },
    "normalize-css": {
      "version": "2.3.1",
      "resolved": "https://npm.apple.com/normalize-css/-/normalize-css-2.3.1.tgz",
      "integrity": "sha1-/APjuR46Uap6GDa657K2rG1R4VY=",
      "dev": true,
      "requires": {
        "insert-css": "0.0.0"
      }
    }
  }
}
